
Microsoft Visual Studio Solution File, Format Version 12.00
# Visual Studio Version 17
VisualStudioVersion = 17.0.32014.148
MinimumVisualStudioVersion = 10.0.40219.1
Project("{FAE04EC0-301F-11D3-BF4B-00C04F79EFBC}") = "AdventCoding2022", "AdventCoding2022\AdventCoding2022.csproj", "{C3BA33A1-4CED-47D9-996D-E7E583F6F069}"
EndProject
Global
	GlobalSection(SolutionConfigurationPlatforms) = preSolution
		Debug|Any CPU = Debug|Any CPU
		Release|Any CPU = Release|Any CPU
	EndGlobalSection
	GlobalSection(ProjectConfigurationPlatforms) = postSolution
		{C3BA33A1-4CED-47D9-996D-E7E583F6F069}.Debug|Any CPU.ActiveCfg = Debug|Any CPU
		{C3BA33A1-4CED-47D9-996D-E7E583F6F069}.Debug|Any CPU.Build.0 = Debug|Any CPU
		{C3BA33A1-4CED-47D9-996D-E7E583F6F069}.Release|Any CPU.ActiveCfg = Release|Any CPU
		{C3BA33A1-4CED-47D9-996D-E7E583F6F069}.Release|Any CPU.Build.0 = Release|Any CPU
	EndGlobalSection
	GlobalSection(SolutionProperties) = preSolution
		HideSolutionNode = FALSE
	EndGlobalSection
	GlobalSection(ExtensibilityGlobals) = postSolution
		SolutionGuid = {3FF7D4B1-708A-475D-9AA3-C393B4E2257F}
	EndGlobalSection
EndGlobal
